
Microsoft Visual Studio Solution File, Format Version 12.00
# Visual Studio 14
VisualStudioVersion = 14.0.23107.0
MinimumVisualStudioVersion = 10.0.40219.1
Project("{FAE04EC0-301F-11D3-BF4B-00C04F79EFBC}") = "XeroxInterviewDemo.Data", "XeroxInterviewDemo.Data\XeroxInterviewDemo.Data.csproj", "{13335710-65B8-41C0-85BC-38A6E7BF691F}"
EndProject
Project("{FAE04EC0-301F-11D3-BF4B-00C04F79EFBC}") = "XeroxInterviewDemo.Data.Repository", "XeroxInterviewDemo.Data.Repository\XeroxInterviewDemo.Data.Repository.csproj", "{637E47B8-3913-4595-9A5E-520A6608DC31}"
EndProject
Project("{FAE04EC0-301F-11D3-BF4B-00C04F79EFBC}") = "XeroxInterviewDemo.Data.Repository.EntityFrameworkRepository", "XeroxInterviewDemo.Data.Repository.EntityFrameworkRepository\XeroxInterviewDemo.Data.Repository.EntityFrameworkRepository.csproj", "{72588626-CDB8-485B-85F0-F584611D8C58}"
EndProject
Project("{FAE04EC0-301F-11D3-BF4B-00C04F79EFBC}") = "MainProject", "MainProject\MainProject.csproj", "{DDEAC520-3FA0-4AD2-978D-94151EA18675}"
EndProject
Project("{FAE04EC0-301F-11D3-BF4B-00C04F79EFBC}") = "XeroxInterviewDemo.Business", "XeroxInterviewDemo.Business\XeroxInterviewDemo.Business.csproj", "{68162202-FE4A-4C0C-AEBA-F3A02BAB0906}"
EndProject
Project("{2150E333-8FDC-42A3-9474-1A3956D46DE8}") = "1.Data", "1.Data", "{5E283916-F4DD-4C17-9566-E33F7D11D1E7}"
EndProject
Project("{2150E333-8FDC-42A3-9474-1A3956D46DE8}") = "2.Business", "2.Business", "{F1DDF89B-3E89-42A0-A251-18F9D377FADF}"
EndProject
Project("{2150E333-8FDC-42A3-9474-1A3956D46DE8}") = "3.Services", "3.Services", "{4593CC57-D966-4D43-94D5-2CBF4852A341}"
EndProject
Project("{2150E333-8FDC-42A3-9474-1A3956D46DE8}") = "4.Presentation", "4.Presentation", "{99F8DD01-AFB8-47A8-95D3-DF8111FC30A5}"
EndProject
Project("{FAE04EC0-301F-11D3-BF4B-00C04F79EFBC}") = "XeroxInterviewDemo.Business.Objects", "XeroxInterviewDemo.Business.Objects\XeroxInterviewDemo.Business.Objects.csproj", "{F6962391-6B1E-4BD2-A0AF-10BD263A7637}"
EndProject
Project("{FAE04EC0-301F-11D3-BF4B-00C04F79EFBC}") = "XeroxInterviewDemo.Business.Objects.Tests", "XeroxInterviewDemo.Business.Objects.Tests\XeroxInterviewDemo.Business.Objects.Tests.csproj", "{94BEF338-174F-438A-8A47-A00935A4AEC2}"
EndProject
Project("{FAE04EC0-301F-11D3-BF4B-00C04F79EFBC}") = "XeroxInterviewDemo.Business.Validations", "XeroxInterviewDemo.Business.Validations\XeroxInterviewDemo.Business.Validations.csproj", "{48E639EA-4552-4614-B254-D4C789DCC66F}"
EndProject
Project("{FAE04EC0-301F-11D3-BF4B-00C04F79EFBC}") = "XeroxInterviewDemo.Business.Validations.FluentValidations", "XeroxInterviewDemo.Business.Validations.FluentValidations\XeroxInterviewDemo.Business.Validations.FluentValidations.csproj", "{EFE6FA78-9888-4356-8CC2-22F667D2FA5E}"
EndProject
Project("{FAE04EC0-301F-11D3-BF4B-00C04F79EFBC}") = "XeroxInterviewDemo.Data.RepositoryAbstractFactory", "XeroxInterviewDemo.Data.RepositoryAbstractFactory\XeroxInterviewDemo.Data.RepositoryAbstractFactory.csproj", "{D0A2A826-1299-471B-8DC0-4E388C2C9997}"
EndProject
Project("{2150E333-8FDC-42A3-9474-1A3956D46DE8}") = "Interviews", "Interviews", "{7A52E67A-7A0A-4208-938F-213C19F29C07}"
EndProject
Project("{2150E333-8FDC-42A3-9474-1A3956D46DE8}") = "XeroxERP", "XeroxERP", "{8BDDDC3F-5BCD-45F5-A1D6-B083D4AEBDA6}"
EndProject
Project("{2150E333-8FDC-42A3-9474-1A3956D46DE8}") = "Modules", "Modules", "{25AC9096-A896-4451-9031-771EB441A111}"
EndProject
Project("{2150E333-8FDC-42A3-9474-1A3956D46DE8}") = "Recruitment", "Recruitment", "{94855D84-AD64-46C0-8016-4CEF6899E40C}"
EndProject
Project("{2150E333-8FDC-42A3-9474-1A3956D46DE8}") = "Authentication", "Authentication", "{D63A4CC7-0D31-4544-8EAD-4F6770E01185}"
EndProject
Project("{FAE04EC0-301F-11D3-BF4B-00C04F79EFBC}") = "XeroxInterviewDemo.Authentication.Business.Objects", "XeroxInterviewDemo.Authentication.Business.Objects\XeroxInterviewDemo.Authentication.Business.Objects.csproj", "{D682FF38-AA3D-4BD3-820F-2C2EC9B8C197}"
EndProject
Project("{FAE04EC0-301F-11D3-BF4B-00C04F79EFBC}") = "XeroxInterviewDemo.Authentication.Business", "XeroxInterviewDemo.Authentication.Business\XeroxInterviewDemo.Authentication.Business.csproj", "{7055BCD0-FEE1-4FC2-9AD0-F71C48DE98E9}"
EndProject
Project("{FAE04EC0-301F-11D3-BF4B-00C04F79EFBC}") = "XeroxInterviewDemo", "XeroxInterviewDemo\XeroxInterviewDemo.csproj", "{39F63AC7-B61D-4E0A-849C-C76E0F33D76E}"
EndProject
Project("{2150E333-8FDC-42A3-9474-1A3956D46DE8}") = "UI", "UI", "{F6309C86-5777-410D-A543-80DD8F7114C7}"
EndProject
Project("{FAE04EC0-301F-11D3-BF4B-00C04F79EFBC}") = "XeroxInterviewDemo.ViewModels", "XeroxInterviewDemo.ViewModels\XeroxInterviewDemo.ViewModels.csproj", "{3820DD74-EB48-45A5-AF7E-68522CC6230C}"
EndProject
Project("{FAE04EC0-301F-11D3-BF4B-00C04F79EFBC}") = "XeroxInterviewDemo.Business.Workbenchs", "XeroxInterviewDemo.Business.Workbenchs\XeroxInterviewDemo.Business.Workbenchs.csproj", "{AF5B3087-92FA-47AC-A3C0-2E01792C7D7B}"
EndProject
Project("{FAE04EC0-301F-11D3-BF4B-00C04F79EFBC}") = "XeroxInterviewDemo.Services", "XeroxInterviewDemo.Services\XeroxInterviewDemo.Services.csproj", "{312D20A3-5ECF-4077-8019-C8C64E359537}"
EndProject
Project("{FAE04EC0-301F-11D3-BF4B-00C04F79EFBC}") = "XeroxInterviewDemo.Business.Workflows", "XeroxInterviewDemo.Business.Workflows\XeroxInterviewDemo.Business.Workflows.csproj", "{E356A201-46FE-4ABA-A7D0-8D5D586EF424}"
EndProject
Project("{FAE04EC0-301F-11D3-BF4B-00C04F79EFBC}") = "XeroxInterviewDemo.Business.Workflows.Tests", "XeroxInterviewDemo.Business.Workflows.Tests\XeroxInterviewDemo.Business.Workflows.Tests.csproj", "{0BD132F6-E04F-4047-B93F-70D406B53648}"
EndProject
Project("{FAE04EC0-301F-11D3-BF4B-00C04F79EFBC}") = "XeroxInterviewDemo.Services.WCFContracts", "XeroxInterviewDemo.Services.WCFContracts\XeroxInterviewDemo.Services.WCFContracts.csproj", "{21FD0D2E-4179-4088-AE04-88FAF27DDD3D}"
EndProject
Global
	GlobalSection(SolutionConfigurationPlatforms) = preSolution
		Debug|Any CPU = Debug|Any CPU
		Debug|x86 = Debug|x86
		Release|Any CPU = Release|Any CPU
		Release|x86 = Release|x86
	EndGlobalSection
	GlobalSection(ProjectConfigurationPlatforms) = postSolution
		{13335710-65B8-41C0-85BC-38A6E7BF691F}.Debug|Any CPU.ActiveCfg = Debug|Any CPU
		{13335710-65B8-41C0-85BC-38A6E7BF691F}.Debug|Any CPU.Build.0 = Debug|Any CPU
		{13335710-65B8-41C0-85BC-38A6E7BF691F}.Debug|x86.ActiveCfg = Debug|Any CPU
		{13335710-65B8-41C0-85BC-38A6E7BF691F}.Debug|x86.Build.0 = Debug|Any CPU
		{13335710-65B8-41C0-85BC-38A6E7BF691F}.Release|Any CPU.ActiveCfg = Release|Any CPU
		{13335710-65B8-41C0-85BC-38A6E7BF691F}.Release|Any CPU.Build.0 = Release|Any CPU
		{13335710-65B8-41C0-85BC-38A6E7BF691F}.Release|x86.ActiveCfg = Release|Any CPU
		{13335710-65B8-41C0-85BC-38A6E7BF691F}.Release|x86.Build.0 = Release|Any CPU
		{637E47B8-3913-4595-9A5E-520A6608DC31}.Debug|Any CPU.ActiveCfg = Debug|Any CPU
		{637E47B8-3913-4595-9A5E-520A6608DC31}.Debug|Any CPU.Build.0 = Debug|Any CPU
		{637E47B8-3913-4595-9A5E-520A6608DC31}.Debug|x86.ActiveCfg = Debug|Any CPU
		{637E47B8-3913-4595-9A5E-520A6608DC31}.Debug|x86.Build.0 = Debug|Any CPU
		{637E47B8-3913-4595-9A5E-520A6608DC31}.Release|Any CPU.ActiveCfg = Release|Any CPU
		{637E47B8-3913-4595-9A5E-520A6608DC31}.Release|Any CPU.Build.0 = Release|Any CPU
		{637E47B8-3913-4595-9A5E-520A6608DC31}.Release|x86.ActiveCfg = Release|Any CPU
		{637E47B8-3913-4595-9A5E-520A6608DC31}.Release|x86.Build.0 = Release|Any CPU
		{72588626-CDB8-485B-85F0-F584611D8C58}.Debug|Any CPU.ActiveCfg = Debug|Any CPU
		{72588626-CDB8-485B-85F0-F584611D8C58}.Debug|Any CPU.Build.0 = Debug|Any CPU
		{72588626-CDB8-485B-85F0-F584611D8C58}.Debug|x86.ActiveCfg = Debug|Any CPU
		{72588626-CDB8-485B-85F0-F584611D8C58}.Debug|x86.Build.0 = Debug|Any CPU
		{72588626-CDB8-485B-85F0-F584611D8C58}.Release|Any CPU.ActiveCfg = Release|Any CPU
		{72588626-CDB8-485B-85F0-F584611D8C58}.Release|Any CPU.Build.0 = Release|Any CPU
		{72588626-CDB8-485B-85F0-F584611D8C58}.Release|x86.ActiveCfg = Release|Any CPU
		{72588626-CDB8-485B-85F0-F584611D8C58}.Release|x86.Build.0 = Release|Any CPU
		{DDEAC520-3FA0-4AD2-978D-94151EA18675}.Debug|Any CPU.ActiveCfg = Debug|Any CPU
		{DDEAC520-3FA0-4AD2-978D-94151EA18675}.Debug|Any CPU.Build.0 = Debug|Any CPU
		{DDEAC520-3FA0-4AD2-978D-94151EA18675}.Debug|x86.ActiveCfg = Debug|Any CPU
		{DDEAC520-3FA0-4AD2-978D-94151EA18675}.Debug|x86.Build.0 = Debug|Any CPU
		{DDEAC520-3FA0-4AD2-978D-94151EA18675}.Release|Any CPU.ActiveCfg = Release|Any CPU
		{DDEAC520-3FA0-4AD2-978D-94151EA18675}.Release|Any CPU.Build.0 = Release|Any CPU
		{DDEAC520-3FA0-4AD2-978D-94151EA18675}.Release|x86.ActiveCfg = Release|Any CPU
		{DDEAC520-3FA0-4AD2-978D-94151EA18675}.Release|x86.Build.0 = Release|Any CPU
		{68162202-FE4A-4C0C-AEBA-F3A02BAB0906}.Debug|Any CPU.ActiveCfg = Debug|Any CPU
		{68162202-FE4A-4C0C-AEBA-F3A02BAB0906}.Debug|Any CPU.Build.0 = Debug|Any CPU
		{68162202-FE4A-4C0C-AEBA-F3A02BAB0906}.Debug|x86.ActiveCfg = Debug|Any CPU
		{68162202-FE4A-4C0C-AEBA-F3A02BAB0906}.Debug|x86.Build.0 = Debug|Any CPU
		{68162202-FE4A-4C0C-AEBA-F3A02BAB0906}.Release|Any CPU.ActiveCfg = Release|Any CPU
		{68162202-FE4A-4C0C-AEBA-F3A02BAB0906}.Release|Any CPU.Build.0 = Release|Any CPU
		{68162202-FE4A-4C0C-AEBA-F3A02BAB0906}.Release|x86.ActiveCfg = Release|Any CPU
		{68162202-FE4A-4C0C-AEBA-F3A02BAB0906}.Release|x86.Build.0 = Release|Any CPU
		{F6962391-6B1E-4BD2-A0AF-10BD263A7637}.Debug|Any CPU.ActiveCfg = Debug|Any CPU
		{F6962391-6B1E-4BD2-A0AF-10BD263A7637}.Debug|Any CPU.Build.0 = Debug|Any CPU
		{F6962391-6B1E-4BD2-A0AF-10BD263A7637}.Debug|x86.ActiveCfg = Debug|Any CPU
		{F6962391-6B1E-4BD2-A0AF-10BD263A7637}.Debug|x86.Build.0 = Debug|Any CPU
		{F6962391-6B1E-4BD2-A0AF-10BD263A7637}.Release|Any CPU.ActiveCfg = Release|Any CPU
		{F6962391-6B1E-4BD2-A0AF-10BD263A7637}.Release|Any CPU.Build.0 = Release|Any CPU
		{F6962391-6B1E-4BD2-A0AF-10BD263A7637}.Release|x86.ActiveCfg = Release|Any CPU
		{F6962391-6B1E-4BD2-A0AF-10BD263A7637}.Release|x86.Build.0 = Release|Any CPU
		{94BEF338-174F-438A-8A47-A00935A4AEC2}.Debug|Any CPU.ActiveCfg = Debug|Any CPU
		{94BEF338-174F-438A-8A47-A00935A4AEC2}.Debug|Any CPU.Build.0 = Debug|Any CPU
		{94BEF338-174F-438A-8A47-A00935A4AEC2}.Debug|x86.ActiveCfg = Debug|Any CPU
		{94BEF338-174F-438A-8A47-A00935A4AEC2}.Debug|x86.Build.0 = Debug|Any CPU
		{94BEF338-174F-438A-8A47-A00935A4AEC2}.Release|Any CPU.ActiveCfg = Release|Any CPU
		{94BEF338-174F-438A-8A47-A00935A4AEC2}.Release|Any CPU.Build.0 = Release|Any CPU
		{94BEF338-174F-438A-8A47-A00935A4AEC2}.Release|x86.ActiveCfg = Release|Any CPU
		{94BEF338-174F-438A-8A47-A00935A4AEC2}.Release|x86.Build.0 = Release|Any CPU
		{48E639EA-4552-4614-B254-D4C789DCC66F}.Debug|Any CPU.ActiveCfg = Debug|Any CPU
		{48E639EA-4552-4614-B254-D4C789DCC66F}.Debug|Any CPU.Build.0 = Debug|Any CPU
		{48E639EA-4552-4614-B254-D4C789DCC66F}.Debug|x86.ActiveCfg = Debug|Any CPU
		{48E639EA-4552-4614-B254-D4C789DCC66F}.Debug|x86.Build.0 = Debug|Any CPU
		{48E639EA-4552-4614-B254-D4C789DCC66F}.Release|Any CPU.ActiveCfg = Release|Any CPU
		{48E639EA-4552-4614-B254-D4C789DCC66F}.Release|Any CPU.Build.0 = Release|Any CPU
		{48E639EA-4552-4614-B254-D4C789DCC66F}.Release|x86.ActiveCfg = Release|Any CPU
		{48E639EA-4552-4614-B254-D4C789DCC66F}.Release|x86.Build.0 = Release|Any CPU
		{EFE6FA78-9888-4356-8CC2-22F667D2FA5E}.Debug|Any CPU.ActiveCfg = Debug|Any CPU
		{EFE6FA78-9888-4356-8CC2-22F667D2FA5E}.Debug|Any CPU.Build.0 = Debug|Any CPU
		{EFE6FA78-9888-4356-8CC2-22F667D2FA5E}.Debug|x86.ActiveCfg = Debug|Any CPU
		{EFE6FA78-9888-4356-8CC2-22F667D2FA5E}.Debug|x86.Build.0 = Debug|Any CPU
		{EFE6FA78-9888-4356-8CC2-22F667D2FA5E}.Release|Any CPU.ActiveCfg = Release|Any CPU
		{EFE6FA78-9888-4356-8CC2-22F667D2FA5E}.Release|Any CPU.Build.0 = Release|Any CPU
		{EFE6FA78-9888-4356-8CC2-22F667D2FA5E}.Release|x86.ActiveCfg = Release|Any CPU
		{EFE6FA78-9888-4356-8CC2-22F667D2FA5E}.Release|x86.Build.0 = Release|Any CPU
		{D0A2A826-1299-471B-8DC0-4E388C2C9997}.Debug|Any CPU.ActiveCfg = Debug|Any CPU
		{D0A2A826-1299-471B-8DC0-4E388C2C9997}.Debug|Any CPU.Build.0 = Debug|Any CPU
		{D0A2A826-1299-471B-8DC0-4E388C2C9997}.Debug|x86.ActiveCfg = Debug|Any CPU
		{D0A2A826-1299-471B-8DC0-4E388C2C9997}.Debug|x86.Build.0 = Debug|Any CPU
		{D0A2A826-1299-471B-8DC0-4E388C2C9997}.Release|Any CPU.ActiveCfg = Release|Any CPU
		{D0A2A826-1299-471B-8DC0-4E388C2C9997}.Release|Any CPU.Build.0 = Release|Any CPU
		{D0A2A826-1299-471B-8DC0-4E388C2C9997}.Release|x86.ActiveCfg = Release|Any CPU
		{D0A2A826-1299-471B-8DC0-4E388C2C9997}.Release|x86.Build.0 = Release|Any CPU
		{D682FF38-AA3D-4BD3-820F-2C2EC9B8C197}.Debug|Any CPU.ActiveCfg = Debug|Any CPU
		{D682FF38-AA3D-4BD3-820F-2C2EC9B8C197}.Debug|Any CPU.Build.0 = Debug|Any CPU
		{D682FF38-AA3D-4BD3-820F-2C2EC9B8C197}.Debug|x86.ActiveCfg = Debug|Any CPU
		{D682FF38-AA3D-4BD3-820F-2C2EC9B8C197}.Debug|x86.Build.0 = Debug|Any CPU
		{D682FF38-AA3D-4BD3-820F-2C2EC9B8C197}.Release|Any CPU.ActiveCfg = Release|Any CPU
		{D682FF38-AA3D-4BD3-820F-2C2EC9B8C197}.Release|Any CPU.Build.0 = Release|Any CPU
		{D682FF38-AA3D-4BD3-820F-2C2EC9B8C197}.Release|x86.ActiveCfg = Release|Any CPU
		{D682FF38-AA3D-4BD3-820F-2C2EC9B8C197}.Release|x86.Build.0 = Release|Any CPU
		{7055BCD0-FEE1-4FC2-9AD0-F71C48DE98E9}.Debug|Any CPU.ActiveCfg = Debug|Any CPU
		{7055BCD0-FEE1-4FC2-9AD0-F71C48DE98E9}.Debug|Any CPU.Build.0 = Debug|Any CPU
		{7055BCD0-FEE1-4FC2-9AD0-F71C48DE98E9}.Debug|x86.ActiveCfg = Debug|Any CPU
		{7055BCD0-FEE1-4FC2-9AD0-F71C48DE98E9}.Debug|x86.Build.0 = Debug|Any CPU
		{7055BCD0-FEE1-4FC2-9AD0-F71C48DE98E9}.Release|Any CPU.ActiveCfg = Release|Any CPU
		{7055BCD0-FEE1-4FC2-9AD0-F71C48DE98E9}.Release|Any CPU.Build.0 = Release|Any CPU
		{7055BCD0-FEE1-4FC2-9AD0-F71C48DE98E9}.Release|x86.ActiveCfg = Release|Any CPU
		{7055BCD0-FEE1-4FC2-9AD0-F71C48DE98E9}.Release|x86.Build.0 = Release|Any CPU
		{39F63AC7-B61D-4E0A-849C-C76E0F33D76E}.Debug|Any CPU.ActiveCfg = Debug|Any CPU
		{39F63AC7-B61D-4E0A-849C-C76E0F33D76E}.Debug|Any CPU.Build.0 = Debug|Any CPU
		{39F63AC7-B61D-4E0A-849C-C76E0F33D76E}.Debug|x86.ActiveCfg = Debug|Any CPU
		{39F63AC7-B61D-4E0A-849C-C76E0F33D76E}.Debug|x86.Build.0 = Debug|Any CPU
		{39F63AC7-B61D-4E0A-849C-C76E0F33D76E}.Release|Any CPU.ActiveCfg = Release|Any CPU
		{39F63AC7-B61D-4E0A-849C-C76E0F33D76E}.Release|Any CPU.Build.0 = Release|Any CPU
		{39F63AC7-B61D-4E0A-849C-C76E0F33D76E}.Release|x86.ActiveCfg = Release|Any CPU
		{39F63AC7-B61D-4E0A-849C-C76E0F33D76E}.Release|x86.Build.0 = Release|Any CPU
		{3820DD74-EB48-45A5-AF7E-68522CC6230C}.Debug|Any CPU.ActiveCfg = Debug|Any CPU
		{3820DD74-EB48-45A5-AF7E-68522CC6230C}.Debug|Any CPU.Build.0 = Debug|Any CPU
		{3820DD74-EB48-45A5-AF7E-68522CC6230C}.Debug|x86.ActiveCfg = Debug|Any CPU
		{3820DD74-EB48-45A5-AF7E-68522CC6230C}.Debug|x86.Build.0 = Debug|Any CPU
		{3820DD74-EB48-45A5-AF7E-68522CC6230C}.Release|Any CPU.ActiveCfg = Release|Any CPU
		{3820DD74-EB48-45A5-AF7E-68522CC6230C}.Release|Any CPU.Build.0 = Release|Any CPU
		{3820DD74-EB48-45A5-AF7E-68522CC6230C}.Release|x86.ActiveCfg = Release|Any CPU
		{3820DD74-EB48-45A5-AF7E-68522CC6230C}.Release|x86.Build.0 = Release|Any CPU
		{AF5B3087-92FA-47AC-A3C0-2E01792C7D7B}.Debug|Any CPU.ActiveCfg = Debug|Any CPU
		{AF5B3087-92FA-47AC-A3C0-2E01792C7D7B}.Debug|Any CPU.Build.0 = Debug|Any CPU
		{AF5B3087-92FA-47AC-A3C0-2E01792C7D7B}.Debug|x86.ActiveCfg = Debug|Any CPU
		{AF5B3087-92FA-47AC-A3C0-2E01792C7D7B}.Debug|x86.Build.0 = Debug|Any CPU
		{AF5B3087-92FA-47AC-A3C0-2E01792C7D7B}.Release|Any CPU.ActiveCfg = Release|Any CPU
		{AF5B3087-92FA-47AC-A3C0-2E01792C7D7B}.Release|Any CPU.Build.0 = Release|Any CPU
		{AF5B3087-92FA-47AC-A3C0-2E01792C7D7B}.Release|x86.ActiveCfg = Release|Any CPU
		{AF5B3087-92FA-47AC-A3C0-2E01792C7D7B}.Release|x86.Build.0 = Release|Any CPU
		{312D20A3-5ECF-4077-8019-C8C64E359537}.Debug|Any CPU.ActiveCfg = Debug|Any CPU
		{312D20A3-5ECF-4077-8019-C8C64E359537}.Debug|Any CPU.Build.0 = Debug|Any CPU
		{312D20A3-5ECF-4077-8019-C8C64E359537}.Debug|x86.ActiveCfg = Debug|Any CPU
		{312D20A3-5ECF-4077-8019-C8C64E359537}.Debug|x86.Build.0 = Debug|Any CPU
		{312D20A3-5ECF-4077-8019-C8C64E359537}.Release|Any CPU.ActiveCfg = Release|Any CPU
		{312D20A3-5ECF-4077-8019-C8C64E359537}.Release|Any CPU.Build.0 = Release|Any CPU
		{312D20A3-5ECF-4077-8019-C8C64E359537}.Release|x86.ActiveCfg = Release|Any CPU
		{312D20A3-5ECF-4077-8019-C8C64E359537}.Release|x86.Build.0 = Release|Any CPU
		{E356A201-46FE-4ABA-A7D0-8D5D586EF424}.Debug|Any CPU.ActiveCfg = Debug|Any CPU
		{E356A201-46FE-4ABA-A7D0-8D5D586EF424}.Debug|Any CPU.Build.0 = Debug|Any CPU
		{E356A201-46FE-4ABA-A7D0-8D5D586EF424}.Debug|x86.ActiveCfg = Debug|Any CPU
		{E356A201-46FE-4ABA-A7D0-8D5D586EF424}.Debug|x86.Build.0 = Debug|Any CPU
		{E356A201-46FE-4ABA-A7D0-8D5D586EF424}.Release|Any CPU.ActiveCfg = Release|Any CPU
		{E356A201-46FE-4ABA-A7D0-8D5D586EF424}.Release|Any CPU.Build.0 = Release|Any CPU
		{E356A201-46FE-4ABA-A7D0-8D5D586EF424}.Release|x86.ActiveCfg = Release|Any CPU
		{E356A201-46FE-4ABA-A7D0-8D5D586EF424}.Release|x86.Build.0 = Release|Any CPU
		{0BD132F6-E04F-4047-B93F-70D406B53648}.Debug|Any CPU.ActiveCfg = Debug|Any CPU
		{0BD132F6-E04F-4047-B93F-70D406B53648}.Debug|Any CPU.Build.0 = Debug|Any CPU
		{0BD132F6-E04F-4047-B93F-70D406B53648}.Debug|x86.ActiveCfg = Debug|Any CPU
		{0BD132F6-E04F-4047-B93F-70D406B53648}.Debug|x86.Build.0 = Debug|Any CPU
		{0BD132F6-E04F-4047-B93F-70D406B53648}.Release|Any CPU.ActiveCfg = Release|Any CPU
		{0BD132F6-E04F-4047-B93F-70D406B53648}.Release|Any CPU.Build.0 = Release|Any CPU
		{0BD132F6-E04F-4047-B93F-70D406B53648}.Release|x86.ActiveCfg = Release|Any CPU
		{0BD132F6-E04F-4047-B93F-70D406B53648}.Release|x86.Build.0 = Release|Any CPU
		{21FD0D2E-4179-4088-AE04-88FAF27DDD3D}.Debug|Any CPU.ActiveCfg = Debug|Any CPU
		{21FD0D2E-4179-4088-AE04-88FAF27DDD3D}.Debug|Any CPU.Build.0 = Debug|Any CPU
		{21FD0D2E-4179-4088-AE04-88FAF27DDD3D}.Debug|x86.ActiveCfg = Debug|Any CPU
		{21FD0D2E-4179-4088-AE04-88FAF27DDD3D}.Debug|x86.Build.0 = Debug|Any CPU
		{21FD0D2E-4179-4088-AE04-88FAF27DDD3D}.Release|Any CPU.ActiveCfg = Release|Any CPU
		{21FD0D2E-4179-4088-AE04-88FAF27DDD3D}.Release|Any CPU.Build.0 = Release|Any CPU
		{21FD0D2E-4179-4088-AE04-88FAF27DDD3D}.Release|x86.ActiveCfg = Release|Any CPU
		{21FD0D2E-4179-4088-AE04-88FAF27DDD3D}.Release|x86.Build.0 = Release|Any CPU
	EndGlobalSection
	GlobalSection(SolutionProperties) = preSolution
		HideSolutionNode = FALSE
	EndGlobalSection
	GlobalSection(NestedProjects) = preSolution
		{13335710-65B8-41C0-85BC-38A6E7BF691F} = {5E283916-F4DD-4C17-9566-E33F7D11D1E7}
		{637E47B8-3913-4595-9A5E-520A6608DC31} = {5E283916-F4DD-4C17-9566-E33F7D11D1E7}
		{72588626-CDB8-485B-85F0-F584611D8C58} = {5E283916-F4DD-4C17-9566-E33F7D11D1E7}
		{DDEAC520-3FA0-4AD2-978D-94151EA18675} = {99F8DD01-AFB8-47A8-95D3-DF8111FC30A5}
		{68162202-FE4A-4C0C-AEBA-F3A02BAB0906} = {F1DDF89B-3E89-42A0-A251-18F9D377FADF}
		{5E283916-F4DD-4C17-9566-E33F7D11D1E7} = {7A52E67A-7A0A-4208-938F-213C19F29C07}
		{F1DDF89B-3E89-42A0-A251-18F9D377FADF} = {7A52E67A-7A0A-4208-938F-213C19F29C07}
		{4593CC57-D966-4D43-94D5-2CBF4852A341} = {7A52E67A-7A0A-4208-938F-213C19F29C07}
		{99F8DD01-AFB8-47A8-95D3-DF8111FC30A5} = {7A52E67A-7A0A-4208-938F-213C19F29C07}
		{F6962391-6B1E-4BD2-A0AF-10BD263A7637} = {F1DDF89B-3E89-42A0-A251-18F9D377FADF}
		{94BEF338-174F-438A-8A47-A00935A4AEC2} = {F1DDF89B-3E89-42A0-A251-18F9D377FADF}
		{48E639EA-4552-4614-B254-D4C789DCC66F} = {F1DDF89B-3E89-42A0-A251-18F9D377FADF}
		{EFE6FA78-9888-4356-8CC2-22F667D2FA5E} = {F1DDF89B-3E89-42A0-A251-18F9D377FADF}
		{D0A2A826-1299-471B-8DC0-4E388C2C9997} = {5E283916-F4DD-4C17-9566-E33F7D11D1E7}
		{7A52E67A-7A0A-4208-938F-213C19F29C07} = {94855D84-AD64-46C0-8016-4CEF6899E40C}
		{25AC9096-A896-4451-9031-771EB441A111} = {8BDDDC3F-5BCD-45F5-A1D6-B083D4AEBDA6}
		{94855D84-AD64-46C0-8016-4CEF6899E40C} = {25AC9096-A896-4451-9031-771EB441A111}
		{D63A4CC7-0D31-4544-8EAD-4F6770E01185} = {25AC9096-A896-4451-9031-771EB441A111}
		{D682FF38-AA3D-4BD3-820F-2C2EC9B8C197} = {D63A4CC7-0D31-4544-8EAD-4F6770E01185}
		{7055BCD0-FEE1-4FC2-9AD0-F71C48DE98E9} = {D63A4CC7-0D31-4544-8EAD-4F6770E01185}
		{39F63AC7-B61D-4E0A-849C-C76E0F33D76E} = {F6309C86-5777-410D-A543-80DD8F7114C7}
		{F6309C86-5777-410D-A543-80DD8F7114C7} = {8BDDDC3F-5BCD-45F5-A1D6-B083D4AEBDA6}
		{3820DD74-EB48-45A5-AF7E-68522CC6230C} = {F6309C86-5777-410D-A543-80DD8F7114C7}
		{AF5B3087-92FA-47AC-A3C0-2E01792C7D7B} = {F1DDF89B-3E89-42A0-A251-18F9D377FADF}
		{312D20A3-5ECF-4077-8019-C8C64E359537} = {4593CC57-D966-4D43-94D5-2CBF4852A341}
		{E356A201-46FE-4ABA-A7D0-8D5D586EF424} = {F1DDF89B-3E89-42A0-A251-18F9D377FADF}
		{0BD132F6-E04F-4047-B93F-70D406B53648} = {F1DDF89B-3E89-42A0-A251-18F9D377FADF}
		{21FD0D2E-4179-4088-AE04-88FAF27DDD3D} = {4593CC57-D966-4D43-94D5-2CBF4852A341}
	EndGlobalSection
EndGlobal
